// !$*UTF8*$!
{
	archiveVersion = 1;
	classes = {
	};
	objectVersion = 46;
	objects = {

/* Begin PBXBuildFile section */
		B20663371BEAF10E0019BDC5 /* main.m in Sources */ = {isa = PBXBuildFile; fileRef = B20663361BEAF10E0019BDC5 /* main.m */; };
		B206633A1BEAF10E0019BDC5 /* AppDelegate.m in Sources */ = {isa = PBXBuildFile; fileRef = B20663391BEAF10E0019BDC5 /* AppDelegate.m */; };
		B206633D1BEAF10E0019BDC5 /* ViewController.m in Sources */ = {isa = PBXBuildFile; fileRef = B206633C1BEAF10E0019BDC5 /* ViewController.m */; };
		B20663401BEAF10E0019BDC5 /* Main.storyboard in Resources */ = {isa = PBXBuildFile; fileRef = B206633E1BEAF10E0019BDC5 /* Main.storyboard */; };
		B20663421BEAF10E0019BDC5 /* Assets.xcassets in Resources */ = {isa = PBXBuildFile; fileRef = B20663411BEAF10E0019BDC5 /* Assets.xcassets */; };
		B20663451BEAF10E0019BDC5 /* LaunchScreen.storyboard in Resources */ = {isa = PBXBuildFile; fileRef = B20663431BEAF10E0019BDC5 /* LaunchScreen.storyboard */; };
		B20663501BEAF10E0019BDC5 /* zhiboTests.m in Sources */ = {isa = PBXBuildFile; fileRef = B206634F1BEAF10E0019BDC5 /* zhiboTests.m */; };
		B206635B1BEAF10E0019BDC5 /* zhiboUITests.m in Sources */ = {isa = PBXBuildFile; fileRef = B206635A1BEAF10E0019BDC5 /* zhiboUITests.m */; };
/* End PBXBuildFile section */

/* Begin PBXContainerItemProxy section */
		B206634C1BEAF10E0019BDC5 /* PBXContainerItemProxy */ = {
			isa = PBXContainerItemProxy;
			containerPortal = B206632A1BEAF10E0019BDC5 /* Project object */;
			proxyType = 1;
			remoteGlobalIDString = B20663311BEAF10E0019BDC5;
			remoteInfo = zhibo;
		};
		B20663571BEAF10E0019BDC5 /* PBXContainerItemProxy */ = {
			isa = PBXContainerItemProxy;
			containerPortal = B206632A1BEAF10E0019BDC5 /* Project object */;
			proxyType = 1;
			remoteGlobalIDString = B20663311BEAF10E0019BDC5;
			remoteInfo = zhibo;
		};
/* End PBXContainerItemProxy section */

/* Begin PBXFileReference section */
		B20663321BEAF10E0019BDC5 /* zhibo.app */ = {isa = PBXFileReference; explicitFileType = wrapper.application; includeInIndex = 0; path = zhibo.app; sourceTree = BUILT_PRODUCTS_DIR; };
		B20663361BEAF10E0019BDC5 /* main.m */ = {isa = PBXFileReference; lastKnownFileType = sourcecode.c.objc; path = main.m; sourceTree = "<group>"; };
		B20663381BEAF10E0019BDC5 /* AppDelegate.h */ = {isa = PBXFileReference; lastKnownFileType = sourcecode.c.h; path = AppDelegate.h; sourceTree = "<group>"; };
		B20663391BEAF10E0019BDC5 /* AppDelegate.m */ = {isa = PBXFileReference; lastKnownFileType = sourcecode.c.objc; path = AppDelegate.m; sourceTree = "<group>"; };
		B206633B1BEAF10E0019BDC5 /* ViewController.h */ = {isa = PBXFileReference; lastKnownFileType = sourcecode.c.h; path = ViewController.h; sourceTree = "<group>"; };
		B206633C1BEAF10E0019BDC5 /* ViewController.m */ = {isa = PBXFileReference; lastKnownFileType = sourcecode.c.objc; path = ViewController.m; sourceTree = "<group>"; };
		B206633F1BEAF10E0019BDC5 /* Base */ = {isa = PBXFileReference; lastKnownFileType = file.storyboard; name = Base; path = Base.lproj/Main.storyboard; sourceTree = "<group>"; };
		B20663411BEAF10E0019BDC5 /* Assets.xcassets */ = {isa = PBXFileReference; lastKnownFileType = folder.assetcatalog; path = Assets.xcassets; sourceTree = "<group>"; };
		B20663441BEAF10E0019BDC5 /* Base */ = {isa = PBXFileReference; lastKnownFileType = file.storyboard; name = Base; path = Base.lproj/LaunchScreen.storyboard; sourceTree = "<group>"; };
		B20663461BEAF10E0019BDC5 /* Info.plist */ = {isa = PBXFileReference; lastKnownFileType = text.plist.xml; path = Info.plist; sourceTree = "<group>"; };
		B206634B1BEAF10E0019BDC5 /* zhiboTests.xctest */ = {isa = PBXFileReference; explicitFileType = wrapper.cfbundle; includeInIndex = 0; path = zhiboTests.xctest; sourceTree = BUILT_PRODUCTS_DIR; };
		B206634F1BEAF10E0019BDC5 /* zhiboTests.m */ = {isa = PBXFileReference; lastKnownFileType = sourcecode.c.objc; path = zhiboTests.m; sourceTree = "<group>"; };
		B20663511BEAF10E0019BDC5 /* Info.plist */ = {isa = PBXFileReference; lastKnownFileType = text.plist.xml; path = Info.plist; sourceTree = "<group>"; };
		B20663561BEAF10E0019BDC5 /* zhiboUITests.xctest */ = {isa = PBXFileReference; explicitFileType = wrapper.cfbundle; includeInIndex = 0; path = zhiboUITests.xctest; sourceTree = BUILT_PRODUCTS_DIR; };
		B206635A1BEAF10E0019BDC5 /* zhiboUITests.m */ = {isa = PBXFileReference; lastKnownFileType = sourcecode.c.objc; path = zhiboUITests.m; sourceTree = "<group>"; };
		B206635C1BEAF10E0019BDC5 /* Info.plist */ = {isa = PBXFileReference; lastKnownFileType = text.plist.xml; path = Info.plist; sourceTree = "<group>"; };
/* End PBXFileReference section */

/* Begin PBXFrameworksBuildPhase section */
		B206632F1BEAF10E0019BDC5 /* Frameworks */ = {
			isa = PBXFrameworksBuildPhase;
			buildActionMask = 2147483647;
			files = (
			);
			runOnlyForDeploymentPostprocessing = 0;
		};
		B20663481BEAF10E0019BDC5 /* Frameworks */ = {
			isa = PBXFrameworksBuildPhase;
			buildActionMask = 2147483647;
			files = (
			);
			runOnlyForDeploymentPostprocessing = 0;
		};
		B20663531BEAF10E0019BDC5 /* Frameworks */ = {
			isa = PBXFrameworksBuildPhase;
			buildActionMask = 2147483647;
			files = (
			);
			runOnlyForDeploymentPostprocessing = 0;
		};
/* End PBXFrameworksBuildPhase section */

/* Begin PBXGroup section */
		B20663291BEAF10E0019BDC5 = {
			isa = PBXGroup;
			children = (
				B20663341BEAF10E0019BDC5 /* zhibo */,
				B206634E1BEAF10E0019BDC5 /* zhiboTests */,
				B20663591BEAF10E0019BDC5 /* zhiboUITests */,
				B20663331BEAF10E0019BDC5 /* Products */,
			);
			sourceTree = "<group>";
		};
		B20663331BEAF10E0019BDC5 /* Products */ = {
			isa = PBXGroup;
			children = (
				B20663321BEAF10E0019BDC5 /* zhibo.app */,
				B206634B1BEAF10E0019BDC5 /* zhiboTests.xctest */,
				B20663561BEAF10E0019BDC5 /* zhiboUITests.xctest */,
			);
			name = Products;
			sourceTree = "<group>";
		};
		B20663341BEAF10E0019BDC5 /* zhibo */ = {
			isa = PBXGroup;
			children = (
				B20663381BEAF10E0019BDC5 /* AppDelegate.h */,
				B20663391BEAF10E0019BDC5 /* AppDelegate.m */,
				B206633B1BEAF10E0019BDC5 /* ViewController.h */,
				B206633C1BEAF10E0019BDC5 /* ViewController.m */,
				B206633E1BEAF10E0019BDC5 /* Main.storyboard */,
				B20663411BEAF10E0019BDC5 /* Assets.xcassets */,
				B20663431BEAF10E0019BDC5 /* LaunchScreen.storyboard */,
				B20663461BEAF10E0019BDC5 /* Info.plist */,
				B20663351BEAF10E0019BDC5 /* Supporting Files */,
			);
			path = zhibo;
			sourceTree = "<group>";
		};
		B20663351BEAF10E0019BDC5 /* Supporting Files */ = {
			isa = PBXGroup;
			children = (
				B20663361BEAF10E0019BDC5 /* main.m */,
			);
			name = "Supporting Files";
			sourceTree = "<group>";
		};
		B206634E1BEAF10E0019BDC5 /* zhiboTests */ = {
			isa = PBXGroup;
			children = (
				B206634F1BEAF10E0019BDC5 /* zhiboTests.m */,
				B20663511BEAF10E0019BDC5 /* Info.plist */,
			);
			path = zhiboTests;
			sourceTree = "<group>";
		};
		B20663591BEAF10E0019BDC5 /* zhiboUITests */ = {
			isa = PBXGroup;
			children = (
				B206635A1BEAF10E0019BDC5 /* zhiboUITests.m */,
				B206635C1BEAF10E0019BDC5 /* Info.plist */,
			);
			path = zhiboUITests;
			sourceTree = "<group>";
		};
/* End PBXGroup section */

/* Begin PBXNativeTarget section */
		B20663311BEAF10E0019BDC5 /* zhibo */ = {
			isa = PBXNativeTarget;
			buildConfigurationList = B206635F1BEAF10E0019BDC5 /* Build configuration list for PBXNativeTarget "zhibo" */;
			buildPhases = (
				B206632E1BEAF10E0019BDC5 /* Sources */,
				B206632F1BEAF10E0019BDC5 /* Frameworks */,
				B20663301BEAF10E0019BDC5 /* Resources */,
			);
			buildRules = (
			);
			dependencies = (
			);
			name = zhibo;
			productName = zhibo;
			productReference = B20663321BEAF10E0019BDC5 /* zhibo.app */;
			productType = "com.apple.product-type.application";
		};
		B206634A1BEAF10E0019BDC5 /* zhiboTests */ = {
			isa = PBXNativeTarget;
			buildConfigurationList = B20663621BEAF10E0019BDC5 /* Build configuration list for PBXNativeTarget "zhiboTests" */;
			buildPhases = (
				B20663471BEAF10E0019BDC5 /* Sources */,
				B20663481BEAF10E0019BDC5 /* Frameworks */,
				B20663491BEAF10E0019BDC5 /* Resources */,
			);
			buildRules = (
			);
			dependencies = (
				B206634D1BEAF10E0019BDC5 /* PBXTargetDependency */,
			);
			name = zhiboTests;
			productName = zhiboTests;
			productReference = B206634B1BEAF10E0019BDC5 /* zhiboTests.xctest */;
			productType = "com.apple.product-type.bundle.unit-test";
		};
		B20663551BEAF10E0019BDC5 /* zhiboUITests */ = {
			isa = PBXNativeTarget;
			buildConfigurationList = B20663651BEAF10E0019BDC5 /* Build configuration list for PBXNativeTarget "zhiboUITests" */;
			buildPhases = (
				B20663521BEAF10E0019BDC5 /* Sources */,
				B20663531BEAF10E0019BDC5 /* Frameworks */,
				B20663541BEAF10E0019BDC5 /* Resources */,
			);
			buildRules = (
			);
			dependencies = (
				B20663581BEAF10E0019BDC5 /* PBXTargetDependency */,
			);
			name = zhiboUITests;
			productName = zhiboUITests;
			productReference = B20663561BEAF10E0019BDC5 /* zhiboUITests.xctest */;
			productType = "com.apple.product-type.bundle.ui-testing";
		};
/* End PBXNativeTarget section */

/* Begin PBXProject section */
		B206632A1BEAF10E0019BDC5 /* Project object */ = {
			isa = PBXProject;
			attributes = {
				LastUpgradeCheck = 0710;
				ORGANIZATIONNAME = nacia04;
				TargetAttributes = {
					B20663311BEAF10E0019BDC5 = {
						CreatedOnToolsVersion = 7.1;
					};
					B206634A1BEAF10E0019BDC5 = {
						CreatedOnToolsVersion = 7.1;
						TestTargetID = B20663311BEAF10E0019BDC5;
					};
					B20663551BEAF10E0019BDC5 = {
						CreatedOnToolsVersion = 7.1;
						TestTargetID = B20663311BEAF10E0019BDC5;
					};
				};
			};
			buildConfigurationList = B206632D1BEAF10E0019BDC5 /* Build configuration list for PBXProject "zhibo" */;
			compatibilityVersion = "Xcode 3.2";
			developmentRegion = English;
			hasScannedForEncodings = 0;
			knownRegions = (
				en,
				Base,
			);
			mainGroup = B20663291BEAF10E0019BDC5;
			productRefGroup = B20663331BEAF10E0019BDC5 /* Products */;
			projectDirPath = "";
			projectRoot = "";
			targets = (
				B20663311BEAF10E0019BDC5 /* zhibo */,
				B206634A1BEAF10E0019BDC5 /* zhiboTests */,
				B20663551BEAF10E0019BDC5 /* zhiboUITests */,
			);
		};
/* End PBXProject section */

/* Begin PBXResourcesBuildPhase section */
		B20663301BEAF10E0019BDC5 /* Resources */ = {
			isa = PBXResourcesBuildPhase;
			buildActionMask = 2147483647;
			files = (
				B20663451BEAF10E0019BDC5 /* LaunchScreen.storyboard in Resources */,
				B20663421BEAF10E0019BDC5 /* Assets.xcassets in Resources */,
				B20663401BEAF10E0019BDC5 /* Main.storyboard in Resources */,
			);
			runOnlyForDeploymentPostprocessing = 0;
		};
		B20663491BEAF10E0019BDC5 /* Resources */ = {
			isa = PBXResourcesBuildPhase;
			buildActionMask = 2147483647;
			files = (
			);
			runOnlyForDeploymentPostprocessing = 0;
		};
		B20663541BEAF10E0019BDC5 /* Resources */ = {
			isa = PBXResourcesBuildPhase;
			buildActionMask = 2147483647;
			files = (
			);
			runOnlyForDeploymentPostprocessing = 0;
		};
/* End PBXResourcesBuildPhase section */

/* Begin PBXSourcesBuildPhase section */
		B206632E1BEAF10E0019BDC5 /* Sources */ = {
			isa = PBXSourcesBuildPhase;
			buildActionMask = 2147483647;
			files = (
				B206633D1BEAF10E0019BDC5 /* ViewController.m in Sources */,
				B206633A1BEAF10E0019BDC5 /* AppDelegate.m in Sources */,
				B20663371BEAF10E0019BDC5 /* main.m in Sources */,
			);
			runOnlyForDeploymentPostprocessing = 0;
		};
		B20663471BEAF10E0019BDC5 /* Sources */ = {
			isa = PBXSourcesBuildPhase;
			buildActionMask = 2147483647;
			files = (
				B20663501BEAF10E0019BDC5 /* zhiboTests.m in Sources */,
			);
			runOnlyForDeploymentPostprocessing = 0;
		};
		B20663521BEAF10E0019BDC5 /* Sources */ = {
			isa = PBXSourcesBuildPhase;
			buildActionMask = 2147483647;
			files = (
				B206635B1BEAF10E0019BDC5 /* zhiboUITests.m in Sources */,
			);
			runOnlyForDeploymentPostprocessing = 0;
		};
/* End PBXSourcesBuildPhase section */

/* Begin PBXTargetDependency section */
		B206634D1BEAF10E0019BDC5 /* PBXTargetDependency */ = {
			isa = PBXTargetDependency;
			target = B20663311BEAF10E0019BDC5 /* zhibo */;
			targetProxy = B206634C1BEAF10E0019BDC5 /* PBXContainerItemProxy */;
		};
		B20663581BEAF10E0019BDC5 /* PBXTargetDependency */ = {
			isa = PBXTargetDependency;
			target = B20663311BEAF10E0019BDC5 /* zhibo */;
			targetProxy = B20663571BEAF10E0019BDC5 /* PBXContainerItemProxy */;
		};
/* End PBXTargetDependency section */

/* Begin PBXVariantGroup section */
		B206633E1BEAF10E0019BDC5 /* Main.storyboard */ = {
			isa = PBXVariantGroup;
			children = (
				B206633F1BEAF10E0019BDC5 /* Base */,
			);
			name = Main.storyboard;
			sourceTree = "<group>";
		};
		B20663431BEAF10E0019BDC5 /* LaunchScreen.storyboard */ = {
			isa = PBXVariantGroup;
			children = (
				B20663441BEAF10E0019BDC5 /* Base */,
			);
			name = LaunchScreen.storyboard;
			sourceTree = "<group>";
		};
/* End PBXVariantGroup section */

/* Begin XCBuildConfiguration section */
		B206635D1BEAF10E0019BDC5 /* Debug */ = {
			isa = XCBuildConfiguration;
			buildSettings = {
				ALWAYS_SEARCH_USER_PATHS = NO;
				CLANG_CXX_LANGUAGE_STANDARD = "gnu++0x";
				CLANG_CXX_LIBRARY = "libc++";
				CLANG_ENABLE_MODULES = YES;
				CLANG_ENABLE_OBJC_ARC = YES;
				CLANG_WARN_BOOL_CONVERSION = YES;
				CLANG_WARN_CONSTANT_CONVERSION = YES;
				CLANG_WARN_DIRECT_OBJC_ISA_USAGE = YES_ERROR;
				CLANG_WARN_EMPTY_BODY = YES;
				CLANG_WARN_ENUM_CONVERSION = YES;
				CLANG_WARN_INT_CONVERSION = YES;
				CLANG_WARN_OBJC_ROOT_CLASS = YES_ERROR;
				CLANG_WARN_UNREACHABLE_CODE = YES;
				CLANG_WARN__DUPLICATE_METHOD_MATCH = YES;
				"CODE_SIGN_IDENTITY[sdk=iphoneos*]" = "iPhone Developer";
				COPY_PHASE_STRIP = NO;
				DEBUG_INFORMATION_FORMAT = dwarf;
				ENABLE_STRICT_OBJC_MSGSEND = YES;
				ENABLE_TESTABILITY = YES;
				GCC_C_LANGUAGE_STANDARD = gnu99;
				GCC_DYNAMIC_NO_PIC = NO;
				GCC_NO_COMMON_BLOCKS = YES;
				GCC_OPTIMIZATION_LEVEL = 0;
				GCC_PREPROCESSOR_DEFINITIONS = (
					"DEBUG=1",
					"$(inherited)",
				);
				GCC_WARN_64_TO_32_BIT_CONVERSION = YES;
				GCC_WARN_ABOUT_RETURN_TYPE = YES_ERROR;
				GCC_WARN_UNDECLARED_SELECTOR = YES;
				GCC_WARN_UNINITIALIZED_AUTOS = YES_AGGRESSIVE;
				GCC_WARN_UNUSED_FUNCTION = YES;
				GCC_WARN_UNUSED_VARIABLE = YES;
				IPHONEOS_DEPLOYMENT_TARGET = 9.1;
				MTL_ENABLE_DEBUG_INFO = YES;
				ONLY_ACTIVE_ARCH = YES;
				SDKROOT = iphoneos;
				TARGETED_DEVICE_FAMILY = "1,2";
			};
			name = Debug;
		};
		B206635E1BEAF10E0019BDC5 /* Release */ = {
			isa = XCBuildConfiguration;
			buildSettings = {
				ALWAYS_SEARCH_USER_PATHS = NO;
				CLANG_CXX_LANGUAGE_STANDARD = "gnu++0x";
				CLANG_CXX_LIBRARY = "libc++";
				CLANG_ENABLE_MODULES = YES;
				CLANG_ENABLE_OBJC_ARC = YES;
				CLANG_WARN_BOOL_CONVERSION = YES;
				CLANG_WARN_CONSTANT_CONVERSION = YES;
				CLANG_WARN_DIRECT_OBJC_ISA_USAGE = YES_ERROR;
				CLANG_WARN_EMPTY_BODY = YES;
				CLANG_WARN_ENUM_CONVERSION = YES;
				CLANG_WARN_INT_CONVERSION = YES;
				CLANG_WARN_OBJC_ROOT_CLASS = YES_ERROR;
				CLANG_WARN_UNREACHABLE_CODE = YES;
				CLANG_WARN__DUPLICATE_METHOD_MATCH = YES;
				"CODE_SIGN_IDENTITY[sdk=iphoneos*]" = "iPhone Developer";
				COPY_PHASE_STRIP = NO;
				DEBUG_INFORMATION_FORMAT = "dwarf-with-dsym";
				ENABLE_NS_ASSERTIONS = NO;
				ENABLE_STRICT_OBJC_MSGSEND = YES;
				GCC_C_LANGUAGE_STANDARD = gnu99;
				GCC_NO_COMMON_BLOCKS = YES;
				GCC_WARN_64_TO_32_BIT_CONVERSION = YES;
				GCC_WARN_ABOUT_RETURN_TYPE = YES_ERROR;
				GCC_WARN_UNDECLARED_SELECTOR = YES;
				GCC_WARN_UNINITIALIZED_AUTOS = YES_AGGRESSIVE;
				GCC_WARN_UNUSED_FUNCTION = YES;
				GCC_WARN_UNUSED_VARIABLE = YES;
				IPHONEOS_DEPLOYMENT_TARGET = 9.1;
				MTL_ENABLE_DEBUG_INFO = NO;
				SDKROOT = iphoneos;
				TARGETED_DEVICE_FAMILY = "1,2";
				VALIDATE_PRODUCT = YES;
			};
			name = Release;
		};
		B20663601BEAF10E0019BDC5 /* Debug */ = {
			isa = XCBuildConfiguration;
			buildSettings = {
				ASSETCATALOG_COMPILER_APPICON_NAME = AppIcon;
				INFOPLIST_FILE = zhibo/Info.plist;
				LD_RUNPATH_SEARCH_PATHS = "$(inherited) @executable_path/Frameworks";
				PRODUCT_BUNDLE_IDENTIFIER = com.nacai.zhibo;
				PRODUCT_NAME = "$(TARGET_NAME)";
			};
			name = Debug;
		};
		B20663611BEAF10E0019BDC5 /* Release */ = {
			isa = XCBuildConfiguration;
			buildSettings = {
				ASSETCATALOG_COMPILER_APPICON_NAME = AppIcon;
				INFOPLIST_FILE = zhibo/Info.plist;
				LD_RUNPATH_SEARCH_PATHS = "$(inherited) @executable_path/Frameworks";
				PRODUCT_BUNDLE_IDENTIFIER = com.nacai.zhibo;
				PRODUCT_NAME = "$(TARGET_NAME)";
			};
			name = Release;
		};
		B20663631BEAF10E0019BDC5 /* Debug */ = {
			isa = XCBuildConfiguration;
			buildSettings = {
				BUNDLE_LOADER = "$(TEST_HOST)";
				INFOPLIST_FILE = zhiboTests/Info.plist;
				LD_RUNPATH_SEARCH_PATHS = "$(inherited) @executable_path/Frameworks @loader_path/Frameworks";
				PRODUCT_BUNDLE_IDENTIFIER = com.nacai.zhiboTests;
				PRODUCT_NAME = "$(TARGET_NAME)";
				TEST_HOST = "$(BUILT_PRODUCTS_DIR)/zhibo.app/zhibo";
			};
			name = Debug;
		};
		B20663641BEAF10E0019BDC5 /* Release */ = {
			isa = XCBuildConfiguration;
			buildSettings = {
				BUNDLE_LOADER = "$(TEST_HOST)";
				INFOPLIST_FILE = zhiboTests/Info.plist;
				LD_RUNPATH_SEARCH_PATHS = "$(inherited) @executable_path/Frameworks @loader_path/Frameworks";
				PRODUCT_BUNDLE_IDENTIFIER = com.nacai.zhiboTests;
				PRODUCT_NAME = "$(TARGET_NAME)";
				TEST_HOST = "$(BUILT_PRODUCTS_DIR)/zhibo.app/zhibo";
			};
			name = Release;
		};
		B20663661BEAF10E0019BDC5 /* Debug */ = {
			isa = XCBuildConfiguration;
			buildSettings = {
				INFOPLIST_FILE = zhiboUITests/Info.plist;
				LD_RUNPATH_SEARCH_PATHS = "$(inherited) @executable_path/Frameworks @loader_path/Frameworks";
				PRODUCT_BUNDLE_IDENTIFIER = com.nacai.zhiboUITests;
				PRODUCT_NAME = "$(TARGET_NAME)";
				TEST_TARGET_NAME = zhibo;
				USES_XCTRUNNER = YES;
			};
			name = Debug;
		};
		B20663671BEAF10E0019BDC5 /* Release */ = {
			isa = XCBuildConfiguration;
			buildSettings = {
				INFOPLIST_FILE = zhiboUITests/Info.plist;
				LD_RUNPATH_SEARCH_PATHS = "$(inherited) @executable_path/Frameworks @loader_path/Frameworks";
				PRODUCT_BUNDLE_IDENTIFIER = com.nacai.zhiboUITests;
				PRODUCT_NAME = "$(TARGET_NAME)";
				TEST_TARGET_NAME = zhibo;
				USES_XCTRUNNER = YES;
			};
			name = Release;
		};
/* End XCBuildConfiguration section */

/* Begin XCConfigurationList section */
		B206632D1BEAF10E0019BDC5 /* Build configuration list for PBXProject "zhibo" */ = {
			isa = XCConfigurationList;
			buildConfigurations = (
				B206635D1BEAF10E0019BDC5 /* Debug */,
				B206635E1BEAF10E0019BDC5 /* Release */,
			);
			defaultConfigurationIsVisible = 0;
			defaultConfigurationName = Release;
		};
		B206635F1BEAF10E0019BDC5 /* Build configuration list for PBXNativeTarget "zhibo" */ = {
			isa = XCConfigurationList;
			buildConfigurations = (
				B20663601BEAF10E0019BDC5 /* Debug */,
				B20663611BEAF10E0019BDC5 /* Release */,
			);
			defaultConfigurationIsVisible = 0;
		};
		B20663621BEAF10E0019BDC5 /* Build configuration list for PBXNativeTarget "zhiboTests" */ = {
			isa = XCConfigurationList;
			buildConfigurations = (
				B20663631BEAF10E0019BDC5 /* Debug */,
				B20663641BEAF10E0019BDC5 /* Release */,
			);
			defaultConfigurationIsVisible = 0;
		};
		B20663651BEAF10E0019BDC5 /* Build configuration list for PBXNativeTarget "zhiboUITests" */ = {
			isa = XCConfigurationList;
			buildConfigurations = (
				B20663661BEAF10E0019BDC5 /* Debug */,
				B20663671BEAF10E0019BDC5 /* Release */,
			);
			defaultConfigurationIsVisible = 0;
		};
/* End XCConfigurationList section */
	};
	rootObject = B206632A1BEAF10E0019BDC5 /* Project object */;
}
